// !$*UTF8*$!
{
	archiveVersion = 1;
	classes = {
	};
	objectVersion = 51;
	objects = {

/* Begin PBXBuildFile section */
		925FA225B6048FEB087B7110 /* Pods_zhihu.framework in Frameworks */ = {isa = PBXBuildFile; fileRef = 37D457739105F0F0EC198D2C /* Pods_zhihu.framework */; };
		E51B94072410D40400767270 /* AppDelegate.swift in Sources */ = {isa = PBXBuildFile; fileRef = E51B94062410D40400767270 /* AppDelegate.swift */; };
		E51B94092410D40400767270 /* ViewController.swift in Sources */ = {isa = PBXBuildFile; fileRef = E51B94082410D40400767270 /* ViewController.swift */; };
		E51B940C2410D40400767270 /* Main.storyboard in Resources */ = {isa = PBXBuildFile; fileRef = E51B940A2410D40400767270 /* Main.storyboard */; };
		E51B940E2410D40700767270 /* Assets.xcassets in Resources */ = {isa = PBXBuildFile; fileRef = E51B940D2410D40700767270 /* Assets.xcassets */; };
		E51B94112410D40700767270 /* LaunchScreen.storyboard in Resources */ = {isa = PBXBuildFile; fileRef = E51B940F2410D40700767270 /* LaunchScreen.storyboard */; };
		E51B941C2410D40700767270 /* zhihuTests.swift in Sources */ = {isa = PBXBuildFile; fileRef = E51B941B2410D40700767270 /* zhihuTests.swift */; };
		E51B94272410D40700767270 /* zhihuUITests.swift in Sources */ = {isa = PBXBuildFile; fileRef = E51B94262410D40700767270 /* zhihuUITests.swift */; };
		E53585EC24346DCB003D1822 /* HomeViewController.swift in Sources */ = {isa = PBXBuildFile; fileRef = E53585EB24346DCB003D1822 /* HomeViewController.swift */; };
		E53585F1243471CB003D1822 /* BaseTabbarController.swift in Sources */ = {isa = PBXBuildFile; fileRef = E53585F0243471CB003D1822 /* BaseTabbarController.swift */; };
		E593A6BF2435B73700C228DE /* BaseViewController.swift in Sources */ = {isa = PBXBuildFile; fileRef = E593A6BE2435B73700C228DE /* BaseViewController.swift */; };
		E593A6C52435C51600C228DE /* Date+Extension.swift in Sources */ = {isa = PBXBuildFile; fileRef = E593A6C12435C51600C228DE /* Date+Extension.swift */; };
		E593A6C62435C51600C228DE /* UIView+Extension.swift in Sources */ = {isa = PBXBuildFile; fileRef = E593A6C22435C51600C228DE /* UIView+Extension.swift */; };
		E593A6C72435C51600C228DE /* UIcolor+Extension.swift in Sources */ = {isa = PBXBuildFile; fileRef = E593A6C32435C51600C228DE /* UIcolor+Extension.swift */; };
		E593A6C82435C51600C228DE /* UIDevice+Extension.swift in Sources */ = {isa = PBXBuildFile; fileRef = E593A6C42435C51600C228DE /* UIDevice+Extension.swift */; };
		E593A6D72435C53200C228DE /* Const.swift in Sources */ = {isa = PBXBuildFile; fileRef = E593A6D62435C53200C228DE /* Const.swift */; };
		E593A6D92435C76500C228DE /* BaseNavigationViewController.swift in Sources */ = {isa = PBXBuildFile; fileRef = E593A6D82435C76500C228DE /* BaseNavigationViewController.swift */; };
		E593A6DB2435E30300C228DE /* AttentionCell.swift in Sources */ = {isa = PBXBuildFile; fileRef = E593A6DA2435E30300C228DE /* AttentionCell.swift */; };
		E593A6DD2435E36100C228DE /* BaseTableViewCell.swift in Sources */ = {isa = PBXBuildFile; fileRef = E593A6DC2435E36100C228DE /* BaseTableViewCell.swift */; };
		E593A6DF2435EC7C00C228DE /* AttentionModel.swift in Sources */ = {isa = PBXBuildFile; fileRef = E593A6DE2435EC7C00C228DE /* AttentionModel.swift */; };
		E593A6E32436FE6E00C228DE /* ZHApi.swift in Sources */ = {isa = PBXBuildFile; fileRef = E593A6E22436FE6E00C228DE /* ZHApi.swift */; };
		E593A6E724372EB600C228DE /* UIKit+Extension.swift in Sources */ = {isa = PBXBuildFile; fileRef = E593A6E624372EB600C228DE /* UIKit+Extension.swift */; };
		E593A6EB243744E000C228DE /* BaseView.swift in Sources */ = {isa = PBXBuildFile; fileRef = E593A6EA243744E000C228DE /* BaseView.swift */; };
		E593A6EF243893DD00C228DE /* AttentionViewController.swift in Sources */ = {isa = PBXBuildFile; fileRef = E593A6EE243893DD00C228DE /* AttentionViewController.swift */; };
		E593A6F22438942900C228DE /* RecommendViewController.swift in Sources */ = {isa = PBXBuildFile; fileRef = E593A6F12438942900C228DE /* RecommendViewController.swift */; };
		E593A6F52438945A00C228DE /* HotViewController.swift in Sources */ = {isa = PBXBuildFile; fileRef = E593A6F42438945A00C228DE /* HotViewController.swift */; };
		E593A6F72438A53200C228DE /* AttentionFrame.swift in Sources */ = {isa = PBXBuildFile; fileRef = E593A6F62438A53200C228DE /* AttentionFrame.swift */; };
		E593A6F9243C79CF00C228DE /* ButtonL.swift in Sources */ = {isa = PBXBuildFile; fileRef = E593A6F8243C79CF00C228DE /* ButtonL.swift */; };
		E593A6FB243D991600C228DE /* viewModel.swift in Sources */ = {isa = PBXBuildFile; fileRef = E593A6FA243D991600C228DE /* viewModel.swift */; };
		E593A6FD243EC36A00C228DE /* ZhiHuTool.swift in Sources */ = {isa = PBXBuildFile; fileRef = E593A6FC243EC36A00C228DE /* ZhiHuTool.swift */; };
		E593A6FF243EF79100C228DE /* RecommendModel.swift in Sources */ = {isa = PBXBuildFile; fileRef = E593A6FE243EF79100C228DE /* RecommendModel.swift */; };
		E593A702243EFC3F00C228DE /* titleView.swift in Sources */ = {isa = PBXBuildFile; fileRef = E593A701243EFC3F00C228DE /* titleView.swift */; };
		E593A70B243F0EE800C228DE /* Helper.swift in Sources */ = {isa = PBXBuildFile; fileRef = E593A704243F0EE700C228DE /* Helper.swift */; };
		E593A70C243F0EE800C228DE /* PageStyle.swift in Sources */ = {isa = PBXBuildFile; fileRef = E593A705243F0EE700C228DE /* PageStyle.swift */; };
		E593A70D243F0EE800C228DE /* PageTitleView.swift in Sources */ = {isa = PBXBuildFile; fileRef = E593A706243F0EE700C228DE /* PageTitleView.swift */; };
		E593A70E243F0EE800C228DE /* PageCollectionViewFlowLayout.swift in Sources */ = {isa = PBXBuildFile; fileRef = E593A707243F0EE800C228DE /* PageCollectionViewFlowLayout.swift */; };
		E593A70F243F0EE800C228DE /* PageContentView.swift in Sources */ = {isa = PBXBuildFile; fileRef = E593A708243F0EE800C228DE /* PageContentView.swift */; };
		E593A710243F0EE800C228DE /* PageViewManager.swift in Sources */ = {isa = PBXBuildFile; fileRef = E593A709243F0EE800C228DE /* PageViewManager.swift */; };
		E593A711243F0EE800C228DE /* PageView.swift in Sources */ = {isa = PBXBuildFile; fileRef = E593A70A243F0EE800C228DE /* PageView.swift */; };
/* End PBXBuildFile section */

/* Begin PBXContainerItemProxy section */
		E51B94182410D40700767270 /* PBXContainerItemProxy */ = {
			isa = PBXContainerItemProxy;
			containerPortal = E51B93FB2410D40400767270 /* Project object */;
			proxyType = 1;
			remoteGlobalIDString = E51B94022410D40400767270;
			remoteInfo = zhihu;
		};
		E51B94232410D40700767270 /* PBXContainerItemProxy */ = {
			isa = PBXContainerItemProxy;
			containerPortal = E51B93FB2410D40400767270 /* Project object */;
			proxyType = 1;
			remoteGlobalIDString = E51B94022410D40400767270;
			remoteInfo = zhihu;
		};
/* End PBXContainerItemProxy section */

/* Begin PBXFileReference section */
		0ED64F9FCD91176ADC45C132 /* Pods-zhihu.debug.xcconfig */ = {isa = PBXFileReference; includeInIndex = 1; lastKnownFileType = text.xcconfig; name = "Pods-zhihu.debug.xcconfig"; path = "Target Support Files/Pods-zhihu/Pods-zhihu.debug.xcconfig"; sourceTree = "<group>"; };
		37D457739105F0F0EC198D2C /* Pods_zhihu.framework */ = {isa = PBXFileReference; explicitFileType = wrapper.framework; includeInIndex = 0; path = Pods_zhihu.framework; sourceTree = BUILT_PRODUCTS_DIR; };
		72FB3BC43EBD42A9706E3942 /* Pods-zhihu.release.xcconfig */ = {isa = PBXFileReference; includeInIndex = 1; lastKnownFileType = text.xcconfig; name = "Pods-zhihu.release.xcconfig"; path = "Target Support Files/Pods-zhihu/Pods-zhihu.release.xcconfig"; sourceTree = "<group>"; };
		E51B94032410D40400767270 /* zhihu.app */ = {isa = PBXFileReference; explicitFileType = wrapper.application; includeInIndex = 0; path = zhihu.app; sourceTree = BUILT_PRODUCTS_DIR; };
		E51B94062410D40400767270 /* AppDelegate.swift */ = {isa = PBXFileReference; lastKnownFileType = sourcecode.swift; path = AppDelegate.swift; sourceTree = "<group>"; };
		E51B94082410D40400767270 /* ViewController.swift */ = {isa = PBXFileReference; lastKnownFileType = sourcecode.swift; path = ViewController.swift; sourceTree = "<group>"; };
		E51B940B2410D40400767270 /* Base */ = {isa = PBXFileReference; lastKnownFileType = file.storyboard; name = Base; path = Base.lproj/Main.storyboard; sourceTree = "<group>"; };
		E51B940D2410D40700767270 /* Assets.xcassets */ = {isa = PBXFileReference; lastKnownFileType = folder.assetcatalog; path = Assets.xcassets; sourceTree = "<group>"; };
		E51B94102410D40700767270 /* Base */ = {isa = PBXFileReference; lastKnownFileType = file.storyboard; name = Base; path = Base.lproj/LaunchScreen.storyboard; sourceTree = "<group>"; };
		E51B94122410D40700767270 /* Info.plist */ = {isa = PBXFileReference; lastKnownFileType = text.plist.xml; path = Info.plist; sourceTree = "<group>"; };
		E51B94172410D40700767270 /* zhihuTests.xctest */ = {isa = PBXFileReference; explicitFileType = wrapper.cfbundle; includeInIndex = 0; path = zhihuTests.xctest; sourceTree = BUILT_PRODUCTS_DIR; };
		E51B941B2410D40700767270 /* zhihuTests.swift */ = {isa = PBXFileReference; lastKnownFileType = sourcecode.swift; path = zhihuTests.swift; sourceTree = "<group>"; };
		E51B941D2410D40700767270 /* Info.plist */ = {isa = PBXFileReference; lastKnownFileType = text.plist.xml; path = Info.plist; sourceTree = "<group>"; };
		E51B94222410D40700767270 /* zhihuUITests.xctest */ = {isa = PBXFileReference; explicitFileType = wrapper.cfbundle; includeInIndex = 0; path = zhihuUITests.xctest; sourceTree = BUILT_PRODUCTS_DIR; };
		E51B94262410D40700767270 /* zhihuUITests.swift */ = {isa = PBXFileReference; lastKnownFileType = sourcecode.swift; path = zhihuUITests.swift; sourceTree = "<group>"; };
		E51B94282410D40700767270 /* Info.plist */ = {isa = PBXFileReference; lastKnownFileType = text.plist.xml; path = Info.plist; sourceTree = "<group>"; };
		E53585EB24346DCB003D1822 /* HomeViewController.swift */ = {isa = PBXFileReference; lastKnownFileType = sourcecode.swift; path = HomeViewController.swift; sourceTree = "<group>"; };
		E53585F0243471CB003D1822 /* BaseTabbarController.swift */ = {isa = PBXFileReference; lastKnownFileType = sourcecode.swift; path = BaseTabbarController.swift; sourceTree = "<group>"; };
		E593A6BE2435B73700C228DE /* BaseViewController.swift */ = {isa = PBXFileReference; lastKnownFileType = sourcecode.swift; path = BaseViewController.swift; sourceTree = "<group>"; };
		E593A6C12435C51600C228DE /* Date+Extension.swift */ = {isa = PBXFileReference; fileEncoding = 4; lastKnownFileType = sourcecode.swift; path = "Date+Extension.swift"; sourceTree = "<group>"; };
		E593A6C22435C51600C228DE /* UIView+Extension.swift */ = {isa = PBXFileReference; fileEncoding = 4; lastKnownFileType = sourcecode.swift; path = "UIView+Extension.swift"; sourceTree = "<group>"; };
		E593A6C32435C51600C228DE /* UIcolor+Extension.swift */ = {isa = PBXFileReference; fileEncoding = 4; lastKnownFileType = sourcecode.swift; path = "UIcolor+Extension.swift"; sourceTree = "<group>"; };
		E593A6C42435C51600C228DE /* UIDevice+Extension.swift */ = {isa = PBXFileReference; fileEncoding = 4; lastKnownFileType = sourcecode.swift; path = "UIDevice+Extension.swift"; sourceTree = "<group>"; };
		E593A6D62435C53200C228DE /* Const.swift */ = {isa = PBXFileReference; fileEncoding = 4; lastKnownFileType = sourcecode.swift; path = Const.swift; sourceTree = "<group>"; };
		E593A6D82435C76500C228DE /* BaseNavigationViewController.swift */ = {isa = PBXFileReference; lastKnownFileType = sourcecode.swift; path = BaseNavigationViewController.swift; sourceTree = "<group>"; };
		E593A6DA2435E30300C228DE /* AttentionCell.swift */ = {isa = PBXFileReference; lastKnownFileType = sourcecode.swift; path = AttentionCell.swift; sourceTree = "<group>"; };
		E593A6DC2435E36100C228DE /* BaseTableViewCell.swift */ = {isa = PBXFileReference; lastKnownFileType = sourcecode.swift; path = BaseTableViewCell.swift; sourceTree = "<group>"; };
		E593A6DE2435EC7C00C228DE /* AttentionModel.swift */ = {isa = PBXFileReference; lastKnownFileType = sourcecode.swift; path = AttentionModel.swift; sourceTree = "<group>"; };
		E593A6E22436FE6E00C228DE /* ZHApi.swift */ = {isa = PBXFileReference; lastKnownFileType = sourcecode.swift; path = ZHApi.swift; sourceTree = "<group>"; };
		E593A6E624372EB600C228DE /* UIKit+Extension.swift */ = {isa = PBXFileReference; lastKnownFileType = sourcecode.swift; path = "UIKit+Extension.swift"; sourceTree = "<group>"; };
		E593A6EA243744E000C228DE /* BaseView.swift */ = {isa = PBXFileReference; lastKnownFileType = sourcecode.swift; path = BaseView.swift; sourceTree = "<group>"; };
		E593A6EE243893DD00C228DE /* AttentionViewController.swift */ = {isa = PBXFileReference; lastKnownFileType = sourcecode.swift; path = AttentionViewController.swift; sourceTree = "<group>"; };
		E593A6F12438942900C228DE /* RecommendViewController.swift */ = {isa = PBXFileReference; lastKnownFileType = sourcecode.swift; path = RecommendViewController.swift; sourceTree = "<group>"; };
		E593A6F42438945A00C228DE /* HotViewController.swift */ = {isa = PBXFileReference; lastKnownFileType = sourcecode.swift; path = HotViewController.swift; sourceTree = "<group>"; };
		E593A6F62438A53200C228DE /* AttentionFrame.swift */ = {isa = PBXFileReference; lastKnownFileType = sourcecode.swift; path = AttentionFrame.swift; sourceTree = "<group>"; };
		E593A6F8243C79CF00C228DE /* ButtonL.swift */ = {isa = PBXFileReference; lastKnownFileType = sourcecode.swift; path = ButtonL.swift; sourceTree = "<group>"; };
		E593A6FA243D991600C228DE /* viewModel.swift */ = {isa = PBXFileReference; lastKnownFileType = sourcecode.swift; path = viewModel.swift; sourceTree = "<group>"; };
		E593A6FC243EC36A00C228DE /* ZhiHuTool.swift */ = {isa = PBXFileReference; lastKnownFileType = sourcecode.swift; path = ZhiHuTool.swift; sourceTree = "<group>"; };
		E593A6FE243EF79100C228DE /* RecommendModel.swift */ = {isa = PBXFileReference; lastKnownFileType = sourcecode.swift; path = RecommendModel.swift; sourceTree = "<group>"; };
		E593A701243EFC3F00C228DE /* titleView.swift */ = {isa = PBXFileReference; lastKnownFileType = sourcecode.swift; path = titleView.swift; sourceTree = "<group>"; };
		E593A704243F0EE700C228DE /* Helper.swift */ = {isa = PBXFileReference; fileEncoding = 4; lastKnownFileType = sourcecode.swift; path = Helper.swift; sourceTree = "<group>"; };
		E593A705243F0EE700C228DE /* PageStyle.swift */ = {isa = PBXFileReference; fileEncoding = 4; lastKnownFileType = sourcecode.swift; path = PageStyle.swift; sourceTree = "<group>"; };
		E593A706243F0EE700C228DE /* PageTitleView.swift */ = {isa = PBXFileReference; fileEncoding = 4; lastKnownFileType = sourcecode.swift; path = PageTitleView.swift; sourceTree = "<group>"; };
		E593A707243F0EE800C228DE /* PageCollectionViewFlowLayout.swift */ = {isa = PBXFileReference; fileEncoding = 4; lastKnownFileType = sourcecode.swift; path = PageCollectionViewFlowLayout.swift; sourceTree = "<group>"; };
		E593A708243F0EE800C228DE /* PageContentView.swift */ = {isa = PBXFileReference; fileEncoding = 4; lastKnownFileType = sourcecode.swift; path = PageContentView.swift; sourceTree = "<group>"; };
		E593A709243F0EE800C228DE /* PageViewManager.swift */ = {isa = PBXFileReference; fileEncoding = 4; lastKnownFileType = sourcecode.swift; path = PageViewManager.swift; sourceTree = "<group>"; };
		E593A70A243F0EE800C228DE /* PageView.swift */ = {isa = PBXFileReference; fileEncoding = 4; lastKnownFileType = sourcecode.swift; path = PageView.swift; sourceTree = "<group>"; };
/* End PBXFileReference section */

/* Begin PBXFrameworksBuildPhase section */
		E51B94002410D40400767270 /* Frameworks */ = {
			isa = PBXFrameworksBuildPhase;
			buildActionMask = 2147483647;
			files = (
				925FA225B6048FEB087B7110 /* Pods_zhihu.framework in Frameworks */,
			);
			runOnlyForDeploymentPostprocessing = 0;
		};
		E51B94142410D40700767270 /* Frameworks */ = {
			isa = PBXFrameworksBuildPhase;
			buildActionMask = 2147483647;
			files = (
			);
			runOnlyForDeploymentPostprocessing = 0;
		};
		E51B941F2410D40700767270 /* Frameworks */ = {
			isa = PBXFrameworksBuildPhase;
			buildActionMask = 2147483647;
			files = (
			);
			runOnlyForDeploymentPostprocessing = 0;
		};
/* End PBXFrameworksBuildPhase section */

/* Begin PBXGroup section */
		D53AC3F0347CFCB159EE5701 /* Frameworks */ = {
			isa = PBXGroup;
			children = (
				37D457739105F0F0EC198D2C /* Pods_zhihu.framework */,
			);
			name = Frameworks;
			sourceTree = "<group>";
		};
		E51B93FA2410D40400767270 = {
			isa = PBXGroup;
			children = (
				E51B94052410D40400767270 /* zhihu */,
				E51B941A2410D40700767270 /* zhihuTests */,
				E51B94252410D40700767270 /* zhihuUITests */,
				E51B94042410D40400767270 /* Products */,
				FFA985020A69461F2E7E6940 /* Pods */,
				D53AC3F0347CFCB159EE5701 /* Frameworks */,
			);
			sourceTree = "<group>";
		};
		E51B94042410D40400767270 /* Products */ = {
			isa = PBXGroup;
			children = (
				E51B94032410D40400767270 /* zhihu.app */,
				E51B94172410D40700767270 /* zhihuTests.xctest */,
				E51B94222410D40700767270 /* zhihuUITests.xctest */,
			);
			name = Products;
			sourceTree = "<group>";
		};
		E51B94052410D40400767270 /* zhihu */ = {
			isa = PBXGroup;
			children = (
				E593A6C02435C4D700C228DE /* Tool */,
				E53585EF2434715F003D1822 /* Main */,
				E53585EE24347147003D1822 /* Base */,
				E51B94062410D40400767270 /* AppDelegate.swift */,
				E51B94082410D40400767270 /* ViewController.swift */,
				E51B940A2410D40400767270 /* Main.storyboard */,
				E51B940D2410D40700767270 /* Assets.xcassets */,
				E51B940F2410D40700767270 /* LaunchScreen.storyboard */,
				E51B94122410D40700767270 /* Info.plist */,
			);
			path = zhihu;
			sourceTree = "<group>";
		};
		E51B941A2410D40700767270 /* zhihuTests */ = {
			isa = PBXGroup;
			children = (
				E51B941B2410D40700767270 /* zhihuTests.swift */,
				E51B941D2410D40700767270 /* Info.plist */,
			);
			path = zhihuTests;
			sourceTree = "<group>";
		};
		E51B94252410D40700767270 /* zhihuUITests */ = {
			isa = PBXGroup;
			children = (
				E51B94262410D40700767270 /* zhihuUITests.swift */,
				E51B94282410D40700767270 /* Info.plist */,
			);
			path = zhihuUITests;
			sourceTree = "<group>";
		};
		E51B94342410D53700767270 /* Home */ = {
			isa = PBXGroup;
			children = (
				E593A6F32438944A00C228DE /* Hot */,
				E593A6F02438940200C228DE /* Recommend */,
				E593A6EC2438937F00C228DE /* Attention */,
				E53585E22434668F003D1822 /* View */,
				E53585E12434667E003D1822 /* Model */,
				E53585E024346670003D1822 /* Controller */,
			);
			path = Home;
			sourceTree = "<group>";
		};
		E53585E024346670003D1822 /* Controller */ = {
			isa = PBXGroup;
			children = (
				E53585EB24346DCB003D1822 /* HomeViewController.swift */,
			);
			path = Controller;
			sourceTree = "<group>";
		};
		E53585E12434667E003D1822 /* Model */ = {
			isa = PBXGroup;
			children = (
				E593A6DE2435EC7C00C228DE /* AttentionModel.swift */,
				E593A6F62438A53200C228DE /* AttentionFrame.swift */,
				E593A6FA243D991600C228DE /* viewModel.swift */,
				E593A6FE243EF79100C228DE /* RecommendModel.swift */,
			);
			path = Model;
			sourceTree = "<group>";
		};
		E53585E22434668F003D1822 /* View */ = {
			isa = PBXGroup;
			children = (
				E593A6DA2435E30300C228DE /* AttentionCell.swift */,
				E593A6F8243C79CF00C228DE /* ButtonL.swift */,
			);
			path = View;
			sourceTree = "<group>";
		};
		E53585E324346D14003D1822 /* Members */ = {
			isa = PBXGroup;
			children = (
				E53585E724346D87003D1822 /* Controller */,
			);
			path = Members;
			sourceTree = "<group>";
		};
		E53585E424346D39003D1822 /* Message */ = {
			isa = PBXGroup;
			children = (
				E53585E824346DA5003D1822 /* Controller */,
			);
			path = Message;
			sourceTree = "<group>";
		};
		E53585E524346D49003D1822 /* Me */ = {
			isa = PBXGroup;
			children = (
				E53585E924346DAC003D1822 /* Controller */,
			);
			path = Me;
			sourceTree = "<group>";
		};
		E53585E624346D6F003D1822 /* Add */ = {
			isa = PBXGroup;
			children = (
				E53585EA24346DB4003D1822 /* Controller */,
			);
			path = Add;
			sourceTree = "<group>";
		};
		E53585E724346D87003D1822 /* Controller */ = {
			isa = PBXGroup;
			children = (
			);
			path = Controller;
			sourceTree = "<group>";
		};
		E53585E824346DA5003D1822 /* Controller */ = {
			isa = PBXGroup;
			children = (
			);
			path = Controller;
			sourceTree = "<group>";
		};
		E53585E924346DAC003D1822 /* Controller */ = {
			isa = PBXGroup;
			children = (
			);
			path = Controller;
			sourceTree = "<group>";
		};
		E53585EA24346DB4003D1822 /* Controller */ = {
			isa = PBXGroup;
			children = (
			);
			path = Controller;
			sourceTree = "<group>";
		};
		E53585ED24346E0E003D1822 /* Extension */ = {
			isa = PBXGroup;
			children = (
				E593A6C12435C51600C228DE /* Date+Extension.swift */,
				E593A6C32435C51600C228DE /* UIcolor+Extension.swift */,
				E593A6C42435C51600C228DE /* UIDevice+Extension.swift */,
				E593A6C22435C51600C228DE /* UIView+Extension.swift */,
				E593A6E624372EB600C228DE /* UIKit+Extension.swift */,
			);
			path = Extension;
			sourceTree = "<group>";
		};
		E53585EE24347147003D1822 /* Base */ = {
			isa = PBXGroup;
			children = (
				E53585F0243471CB003D1822 /* BaseTabbarController.swift */,
				E593A6D82435C76500C228DE /* BaseNavigationViewController.swift */,
				E593A6BE2435B73700C228DE /* BaseViewController.swift */,
				E593A6DC2435E36100C228DE /* BaseTableViewCell.swift */,
				E593A6EA243744E000C228DE /* BaseView.swift */,
			);
			path = Base;
			sourceTree = "<group>";
		};
		E53585EF2434715F003D1822 /* Main */ = {
			isa = PBXGroup;
			children = (
				E53585E624346D6F003D1822 /* Add */,
				E53585E524346D49003D1822 /* Me */,
				E53585E424346D39003D1822 /* Message */,
				E53585E324346D14003D1822 /* Members */,
				E51B94342410D53700767270 /* Home */,
			);
			path = Main;
			sourceTree = "<group>";
		};
		E593A6C02435C4D700C228DE /* Tool */ = {
			isa = PBXGroup;
			children = (
				E593A703243F0EC800C228DE /* PageView */,
				E593A6D52435C53200C228DE /* AppConfig */,
				E593A6C92435C52C00C228DE /* NetTools */,
				E53585ED24346E0E003D1822 /* Extension */,
				E593A6FC243EC36A00C228DE /* ZhiHuTool.swift */,
			);
			path = Tool;
			sourceTree = "<group>";
		};
		E593A6C92435C52C00C228DE /* NetTools */ = {
			isa = PBXGroup;
			children = (
				E593A6E22436FE6E00C228DE /* ZHApi.swift */,
			);
			path = NetTools;
			sourceTree = "<group>";
		};
		E593A6D52435C53200C228DE /* AppConfig */ = {
			isa = PBXGroup;
			children = (
				E593A6D62435C53200C228DE /* Const.swift */,
			);
			path = AppConfig;
			sourceTree = "<group>";
		};
		E593A6EC2438937F00C228DE /* Attention */ = {
			isa = PBXGroup;
			children = (
				E593A6EE243893DD00C228DE /* AttentionViewController.swift */,
			);
			path = Attention;
			sourceTree = "<group>";
		};
		E593A6F02438940200C228DE /* Recommend */ = {
			isa = PBXGroup;
			children = (
				E593A6F12438942900C228DE /* RecommendViewController.swift */,
			);
			path = Recommend;
			sourceTree = "<group>";
		};
		E593A6F32438944A00C228DE /* Hot */ = {
			isa = PBXGroup;
			children = (
				E593A700243EFC2E00C228DE /* View */,
				E593A6F42438945A00C228DE /* HotViewController.swift */,
			);
			path = Hot;
			sourceTree = "<group>";
		};
		E593A700243EFC2E00C228DE /* View */ = {
			isa = PBXGroup;
			children = (
				E593A701243EFC3F00C228DE /* titleView.swift */,
			);
			path = View;
			sourceTree = "<group>";
		};
		E593A703243F0EC800C228DE /* PageView */ = {
			isa = PBXGroup;
			children = (
				E593A704243F0EE700C228DE /* Helper.swift */,
				E593A707243F0EE800C228DE /* PageCollectionViewFlowLayout.swift */,
				E593A708243F0EE800C228DE /* PageContentView.swift */,
				E593A705243F0EE700C228DE /* PageStyle.swift */,
				E593A706243F0EE700C228DE /* PageTitleView.swift */,
				E593A70A243F0EE800C228DE /* PageView.swift */,
				E593A709243F0EE800C228DE /* PageViewManager.swift */,
			);
			path = PageView;
			sourceTree = "<group>";
		};
		FFA985020A69461F2E7E6940 /* Pods */ = {
			isa = PBXGroup;
			children = (
				0ED64F9FCD91176ADC45C132 /* Pods-zhihu.debug.xcconfig */,
				72FB3BC43EBD42A9706E3942 /* Pods-zhihu.release.xcconfig */,
			);
			path = Pods;
			sourceTree = "<group>";
		};
/* End PBXGroup section */

/* Begin PBXNativeTarget section */
		E51B94022410D40400767270 /* zhihu */ = {
			isa = PBXNativeTarget;
			buildConfigurationList = E51B942B2410D40700767270 /* Build configuration list for PBXNativeTarget "zhihu" */;
			buildPhases = (
				7FC75C0D3906BE4FD256D920 /* [CP] Check Pods Manifest.lock */,
				E51B93FF2410D40400767270 /* Sources */,
				E51B94002410D40400767270 /* Frameworks */,
				E51B94012410D40400767270 /* Resources */,
				4CBC31557B9DEFC64B6A8B57 /* [CP] Embed Pods Frameworks */,
			);
			buildRules = (
			);
			dependencies = (
			);
			name = zhihu;
			productName = zhihu;
			productReference = E51B94032410D40400767270 /* zhihu.app */;
			productType = "com.apple.product-type.application";
		};
		E51B94162410D40700767270 /* zhihuTests */ = {
			isa = PBXNativeTarget;
			buildConfigurationList = E51B942E2410D40700767270 /* Build configuration list for PBXNativeTarget "zhihuTests" */;
			buildPhases = (
				E51B94132410D40700767270 /* Sources */,
				E51B94142410D40700767270 /* Frameworks */,
				E51B94152410D40700767270 /* Resources */,
			);
			buildRules = (
			);
			dependencies = (
				E51B94192410D40700767270 /* PBXTargetDependency */,
			);
			name = zhihuTests;
			productName = zhihuTests;
			productReference = E51B94172410D40700767270 /* zhihuTests.xctest */;
			productType = "com.apple.product-type.bundle.unit-test";
		};
		E51B94212410D40700767270 /* zhihuUITests */ = {
			isa = PBXNativeTarget;
			buildConfigurationList = E51B94312410D40700767270 /* Build configuration list for PBXNativeTarget "zhihuUITests" */;
			buildPhases = (
				E51B941E2410D40700767270 /* Sources */,
				E51B941F2410D40700767270 /* Frameworks */,
				E51B94202410D40700767270 /* Resources */,
			);
			buildRules = (
			);
			dependencies = (
				E51B94242410D40700767270 /* PBXTargetDependency */,
			);
			name = zhihuUITests;
			productName = zhihuUITests;
			productReference = E51B94222410D40700767270 /* zhihuUITests.xctest */;
			productType = "com.apple.product-type.bundle.ui-testing";
		};
/* End PBXNativeTarget section */

/* Begin PBXProject section */
		E51B93FB2410D40400767270 /* Project object */ = {
			isa = PBXProject;
			attributes = {
				LastSwiftUpdateCheck = 1020;
				LastUpgradeCheck = 1020;
				ORGANIZATIONNAME = chensy;
				TargetAttributes = {
					E51B94022410D40400767270 = {
						CreatedOnToolsVersion = 10.2.1;
					};
					E51B94162410D40700767270 = {
						CreatedOnToolsVersion = 10.2.1;
						TestTargetID = E51B94022410D40400767270;
					};
					E51B94212410D40700767270 = {
						CreatedOnToolsVersion = 10.2.1;
						TestTargetID = E51B94022410D40400767270;
					};
				};
			};
			buildConfigurationList = E51B93FE2410D40400767270 /* Build configuration list for PBXProject "zhihu" */;
			compatibilityVersion = "Xcode 9.3";
			developmentRegion = en;
			hasScannedForEncodings = 0;
			knownRegions = (
				en,
				Base,
			);
			mainGroup = E51B93FA2410D40400767270;
			productRefGroup = E51B94042410D40400767270 /* Products */;
			projectDirPath = "";
			projectRoot = "";
			targets = (
				E51B94022410D40400767270 /* zhihu */,
				E51B94162410D40700767270 /* zhihuTests */,
				E51B94212410D40700767270 /* zhihuUITests */,
			);
		};
/* End PBXProject section */

/* Begin PBXResourcesBuildPhase section */
		E51B94012410D40400767270 /* Resources */ = {
			isa = PBXResourcesBuildPhase;
			buildActionMask = 2147483647;
			files = (
				E51B94112410D40700767270 /* LaunchScreen.storyboard in Resources */,
				E51B940E2410D40700767270 /* Assets.xcassets in Resources */,
				E51B940C2410D40400767270 /* Main.storyboard in Resources */,
			);
			runOnlyForDeploymentPostprocessing = 0;
		};
		E51B94152410D40700767270 /* Resources */ = {
			isa = PBXResourcesBuildPhase;
			buildActionMask = 2147483647;
			files = (
			);
			runOnlyForDeploymentPostprocessing = 0;
		};
		E51B94202410D40700767270 /* Resources */ = {
			isa = PBXResourcesBuildPhase;
			buildActionMask = 2147483647;
			files = (
			);
			runOnlyForDeploymentPostprocessing = 0;
		};
/* End PBXResourcesBuildPhase section */

/* Begin PBXShellScriptBuildPhase section */
		4CBC31557B9DEFC64B6A8B57 /* [CP] Embed Pods Frameworks */ = {
			isa = PBXShellScriptBuildPhase;
			buildActionMask = 2147483647;
			files = (
			);
			inputFileListPaths = (
				"${PODS_ROOT}/Target Support Files/Pods-zhihu/Pods-zhihu-frameworks-${CONFIGURATION}-input-files.xcfilelist",
			);
			name = "[CP] Embed Pods Frameworks";
			outputFileListPaths = (
				"${PODS_ROOT}/Target Support Files/Pods-zhihu/Pods-zhihu-frameworks-${CONFIGURATION}-output-files.xcfilelist",
			);
			runOnlyForDeploymentPostprocessing = 0;
			shellPath = /bin/sh;
			shellScript = "\"${PODS_ROOT}/Target Support Files/Pods-zhihu/Pods-zhihu-frameworks.sh\"\n";
			showEnvVarsInLog = 0;
		};
		7FC75C0D3906BE4FD256D920 /* [CP] Check Pods Manifest.lock */ = {
			isa = PBXShellScriptBuildPhase;
			buildActionMask = 2147483647;
			files = (
			);
			inputFileListPaths = (
			);
			inputPaths = (
				"${PODS_PODFILE_DIR_PATH}/Podfile.lock",
				"${PODS_ROOT}/Manifest.lock",
			);
			name = "[CP] Check Pods Manifest.lock";
			outputFileListPaths = (
			);
			outputPaths = (
				"$(DERIVED_FILE_DIR)/Pods-zhihu-checkManifestLockResult.txt",
			);
			runOnlyForDeploymentPostprocessing = 0;
			shellPath = /bin/sh;
			shellScript = "diff \"${PODS_PODFILE_DIR_PATH}/Podfile.lock\" \"${PODS_ROOT}/Manifest.lock\" > /dev/null\nif [ $? != 0 ] ; then\n    # print error to STDERR\n    echo \"error: The sandbox is not in sync with the Podfile.lock. Run 'pod install' or update your CocoaPods installation.\" >&2\n    exit 1\nfi\n# This output is used by Xcode 'outputs' to avoid re-running this script phase.\necho \"SUCCESS\" > \"${SCRIPT_OUTPUT_FILE_0}\"\n";
			showEnvVarsInLog = 0;
		};
/* End PBXShellScriptBuildPhase section */

/* Begin PBXSourcesBuildPhase section */
		E51B93FF2410D40400767270 /* Sources */ = {
			isa = PBXSourcesBuildPhase;
			buildActionMask = 2147483647;
			files = (
				E593A6FD243EC36A00C228DE /* ZhiHuTool.swift in Sources */,
				E593A6F9243C79CF00C228DE /* ButtonL.swift in Sources */,
				E593A6F52438945A00C228DE /* HotViewController.swift in Sources */,
				E593A710243F0EE800C228DE /* PageViewManager.swift in Sources */,
				E593A70D243F0EE800C228DE /* PageTitleView.swift in Sources */,
				E593A6D92435C76500C228DE /* BaseNavigationViewController.swift in Sources */,
				E593A6FB243D991600C228DE /* viewModel.swift in Sources */,
				E593A70B243F0EE800C228DE /* Helper.swift in Sources */,
				E593A6BF2435B73700C228DE /* BaseViewController.swift in Sources */,
				E593A6F22438942900C228DE /* RecommendViewController.swift in Sources */,
				E593A70C243F0EE800C228DE /* PageStyle.swift in Sources */,
				E593A6C62435C51600C228DE /* UIView+Extension.swift in Sources */,
				E51B94092410D40400767270 /* ViewController.swift in Sources */,
				E593A6EF243893DD00C228DE /* AttentionViewController.swift in Sources */,
				E51B94072410D40400767270 /* AppDelegate.swift in Sources */,
				E593A6DF2435EC7C00C228DE /* AttentionModel.swift in Sources */,
				E593A70E243F0EE800C228DE /* PageCollectionViewFlowLayout.swift in Sources */,
				E593A6C82435C51600C228DE /* UIDevice+Extension.swift in Sources */,
				E593A6DB2435E30300C228DE /* AttentionCell.swift in Sources */,
				E593A711243F0EE800C228DE /* PageView.swift in Sources */,
				E53585EC24346DCB003D1822 /* HomeViewController.swift in Sources */,
				E593A6FF243EF79100C228DE /* RecommendModel.swift in Sources */,
				E593A6E32436FE6E00C228DE /* ZHApi.swift in Sources */,
				E53585F1243471CB003D1822 /* BaseTabbarController.swift in Sources */,
				E593A6F72438A53200C228DE /* AttentionFrame.swift in Sources */,
				E593A6C52435C51600C228DE /* Date+Extension.swift in Sources */,
				E593A6C72435C51600C228DE /* UIcolor+Extension.swift in Sources */,
				E593A6DD2435E36100C228DE /* BaseTableViewCell.swift in Sources */,
				E593A70F243F0EE800C228DE /* PageContentView.swift in Sources */,
				E593A6EB243744E000C228DE /* BaseView.swift in Sources */,
				E593A702243EFC3F00C228DE /* titleView.swift in Sources */,
				E593A6D72435C53200C228DE /* Const.swift in Sources */,
				E593A6E724372EB600C228DE /* UIKit+Extension.swift in Sources */,
			);
			runOnlyForDeploymentPostprocessing = 0;
		};
		E51B94132410D40700767270 /* Sources */ = {
			isa = PBXSourcesBuildPhase;
			buildActionMask = 2147483647;
			files = (
				E51B941C2410D40700767270 /* zhihuTests.swift in Sources */,
			);
			runOnlyForDeploymentPostprocessing = 0;
		};
		E51B941E2410D40700767270 /* Sources */ = {
			isa = PBXSourcesBuildPhase;
			buildActionMask = 2147483647;
			files = (
				E51B94272410D40700767270 /* zhihuUITests.swift in Sources */,
			);
			runOnlyForDeploymentPostprocessing = 0;
		};
/* End PBXSourcesBuildPhase section */

/* Begin PBXTargetDependency section */
		E51B94192410D40700767270 /* PBXTargetDependency */ = {
			isa = PBXTargetDependency;
			target = E51B94022410D40400767270 /* zhihu */;
			targetProxy = E51B94182410D40700767270 /* PBXContainerItemProxy */;
		};
		E51B94242410D40700767270 /* PBXTargetDependency */ = {
			isa = PBXTargetDependency;
			target = E51B94022410D40400767270 /* zhihu */;
			targetProxy = E51B94232410D40700767270 /* PBXContainerItemProxy */;
		};
/* End PBXTargetDependency section */

/* Begin PBXVariantGroup section */
		E51B940A2410D40400767270 /* Main.storyboard */ = {
			isa = PBXVariantGroup;
			children = (
				E51B940B2410D40400767270 /* Base */,
			);
			name = Main.storyboard;
			sourceTree = "<group>";
		};
		E51B940F2410D40700767270 /* LaunchScreen.storyboard */ = {
			isa = PBXVariantGroup;
			children = (
				E51B94102410D40700767270 /* Base */,
			);
			name = LaunchScreen.storyboard;
			sourceTree = "<group>";
		};
/* End PBXVariantGroup section */

/* Begin XCBuildConfiguration section */
		E51B94292410D40700767270 /* Debug */ = {
			isa = XCBuildConfiguration;
			buildSettings = {
				ALWAYS_SEARCH_USER_PATHS = NO;
				CLANG_ANALYZER_NONNULL = YES;
				CLANG_ANALYZER_NUMBER_OBJECT_CONVERSION = YES_AGGRESSIVE;
				CLANG_CXX_LANGUAGE_STANDARD = "gnu++14";
				CLANG_CXX_LIBRARY = "libc++";
				CLANG_ENABLE_MODULES = YES;
				CLANG_ENABLE_OBJC_ARC = YES;
				CLANG_ENABLE_OBJC_WEAK = YES;
				CLANG_WARN_BLOCK_CAPTURE_AUTORELEASING = YES;
				CLANG_WARN_BOOL_CONVERSION = YES;
				CLANG_WARN_COMMA = YES;
				CLANG_WARN_CONSTANT_CONVERSION = YES;
				CLANG_WARN_DEPRECATED_OBJC_IMPLEMENTATIONS = YES;
				CLANG_WARN_DIRECT_OBJC_ISA_USAGE = YES_ERROR;
				CLANG_WARN_DOCUMENTATION_COMMENTS = YES;
				CLANG_WARN_EMPTY_BODY = YES;
				CLANG_WARN_ENUM_CONVERSION = YES;
				CLANG_WARN_INFINITE_RECURSION = YES;
				CLANG_WARN_INT_CONVERSION = YES;
				CLANG_WARN_NON_LITERAL_NULL_CONVERSION = YES;
				CLANG_WARN_OBJC_IMPLICIT_RETAIN_SELF = YES;
				CLANG_WARN_OBJC_LITERAL_CONVERSION = YES;
				CLANG_WARN_OBJC_ROOT_CLASS = YES_ERROR;
				CLANG_WARN_RANGE_LOOP_ANALYSIS = YES;
				CLANG_WARN_STRICT_PROTOTYPES = YES;
				CLANG_WARN_SUSPICIOUS_MOVE = YES;
				CLANG_WARN_UNGUARDED_AVAILABILITY = YES_AGGRESSIVE;
				CLANG_WARN_UNREACHABLE_CODE = YES;
				CLANG_WARN__DUPLICATE_METHOD_MATCH = YES;
				CODE_SIGN_IDENTITY = "iPhone Developer";
				COPY_PHASE_STRIP = NO;
				DEBUG_INFORMATION_FORMAT = dwarf;
				ENABLE_STRICT_OBJC_MSGSEND = YES;
				ENABLE_TESTABILITY = YES;
				GCC_C_LANGUAGE_STANDARD = gnu11;
				GCC_DYNAMIC_NO_PIC = NO;
				GCC_NO_COMMON_BLOCKS = YES;
				GCC_OPTIMIZATION_LEVEL = 0;
				GCC_PREPROCESSOR_DEFINITIONS = (
					"DEBUG=1",
					"$(inherited)",
				);
				GCC_WARN_64_TO_32_BIT_CONVERSION = YES;
				GCC_WARN_ABOUT_RETURN_TYPE = YES_ERROR;
				GCC_WARN_UNDECLARED_SELECTOR = YES;
				GCC_WARN_UNINITIALIZED_AUTOS = YES_AGGRESSIVE;
				GCC_WARN_UNUSED_FUNCTION = YES;
				GCC_WARN_UNUSED_VARIABLE = YES;
				IPHONEOS_DEPLOYMENT_TARGET = 12.2;
				MTL_ENABLE_DEBUG_INFO = INCLUDE_SOURCE;
				MTL_FAST_MATH = YES;
				ONLY_ACTIVE_ARCH = YES;
				SDKROOT = iphoneos;
				SWIFT_ACTIVE_COMPILATION_CONDITIONS = DEBUG;
				SWIFT_OPTIMIZATION_LEVEL = "-Onone";
			};
			name = Debug;
		};
		E51B942A2410D40700767270 /* Release */ = {
			isa = XCBuildConfiguration;
			buildSettings = {
				ALWAYS_SEARCH_USER_PATHS = NO;
				CLANG_ANALYZER_NONNULL = YES;
				CLANG_ANALYZER_NUMBER_OBJECT_CONVERSION = YES_AGGRESSIVE;
				CLANG_CXX_LANGUAGE_STANDARD = "gnu++14";
				CLANG_CXX_LIBRARY = "libc++";
				CLANG_ENABLE_MODULES = YES;
				CLANG_ENABLE_OBJC_ARC = YES;
				CLANG_ENABLE_OBJC_WEAK = YES;
				CLANG_WARN_BLOCK_CAPTURE_AUTORELEASING = YES;
				CLANG_WARN_BOOL_CONVERSION = YES;
				CLANG_WARN_COMMA = YES;
				CLANG_WARN_CONSTANT_CONVERSION = YES;
				CLANG_WARN_DEPRECATED_OBJC_IMPLEMENTATIONS = YES;
				CLANG_WARN_DIRECT_OBJC_ISA_USAGE = YES_ERROR;
				CLANG_WARN_DOCUMENTATION_COMMENTS = YES;
				CLANG_WARN_EMPTY_BODY = YES;
				CLANG_WARN_ENUM_CONVERSION = YES;
				CLANG_WARN_INFINITE_RECURSION = YES;
				CLANG_WARN_INT_CONVERSION = YES;
				CLANG_WARN_NON_LITERAL_NULL_CONVERSION = YES;
				CLANG_WARN_OBJC_IMPLICIT_RETAIN_SELF = YES;
				CLANG_WARN_OBJC_LITERAL_CONVERSION = YES;
				CLANG_WARN_OBJC_ROOT_CLASS = YES_ERROR;
				CLANG_WARN_RANGE_LOOP_ANALYSIS = YES;
				CLANG_WARN_STRICT_PROTOTYPES = YES;
				CLANG_WARN_SUSPICIOUS_MOVE = YES;
				CLANG_WARN_UNGUARDED_AVAILABILITY = YES_AGGRESSIVE;
				CLANG_WARN_UNREACHABLE_CODE = YES;
				CLANG_WARN__DUPLICATE_METHOD_MATCH = YES;
				CODE_SIGN_IDENTITY = "iPhone Developer";
				COPY_PHASE_STRIP = NO;
				DEBUG_INFORMATION_FORMAT = "dwarf-with-dsym";
				ENABLE_NS_ASSERTIONS = NO;
				ENABLE_STRICT_OBJC_MSGSEND = YES;
				GCC_C_LANGUAGE_STANDARD = gnu11;
				GCC_NO_COMMON_BLOCKS = YES;
				GCC_WARN_64_TO_32_BIT_CONVERSION = YES;
				GCC_WARN_ABOUT_RETURN_TYPE = YES_ERROR;
				GCC_WARN_UNDECLARED_SELECTOR = YES;
				GCC_WARN_UNINITIALIZED_AUTOS = YES_AGGRESSIVE;
				GCC_WARN_UNUSED_FUNCTION = YES;
				GCC_WARN_UNUSED_VARIABLE = YES;
				IPHONEOS_DEPLOYMENT_TARGET = 12.2;
				MTL_ENABLE_DEBUG_INFO = NO;
				MTL_FAST_MATH = YES;
				SDKROOT = iphoneos;
				SWIFT_COMPILATION_MODE = wholemodule;
				SWIFT_OPTIMIZATION_LEVEL = "-O";
				VALIDATE_PRODUCT = YES;
			};
			name = Release;
		};
		E51B942C2410D40700767270 /* Debug */ = {
			isa = XCBuildConfiguration;
			baseConfigurationReference = 0ED64F9FCD91176ADC45C132 /* Pods-zhihu.debug.xcconfig */;
			buildSettings = {
				ASSETCATALOG_COMPILER_APPICON_NAME = AppIcon;
				CODE_SIGN_STYLE = Automatic;
				DEVELOPMENT_TEAM = 45NCV9F7PJ;
				INFOPLIST_FILE = zhihu/Info.plist;
				LD_RUNPATH_SEARCH_PATHS = (
					"$(inherited)",
					"@executable_path/Frameworks",
				);
				PRODUCT_BUNDLE_IDENTIFIER = Elab.zhihu;
				PRODUCT_NAME = "$(TARGET_NAME)";
				SWIFT_VERSION = 5.0;
				TARGETED_DEVICE_FAMILY = "1,2";
			};
			name = Debug;
		};
		E51B942D2410D40700767270 /* Release */ = {
			isa = XCBuildConfiguration;
			baseConfigurationReference = 72FB3BC43EBD42A9706E3942 /* Pods-zhihu.release.xcconfig */;
			buildSettings = {
				ASSETCATALOG_COMPILER_APPICON_NAME = AppIcon;
				CODE_SIGN_STYLE = Automatic;
				DEVELOPMENT_TEAM = 45NCV9F7PJ;
				INFOPLIST_FILE = zhihu/Info.plist;
				LD_RUNPATH_SEARCH_PATHS = (
					"$(inherited)",
					"@executable_path/Frameworks",
				);
				PRODUCT_BUNDLE_IDENTIFIER = Elab.zhihu;
				PRODUCT_NAME = "$(TARGET_NAME)";
				SWIFT_VERSION = 5.0;
				TARGETED_DEVICE_FAMILY = "1,2";
			};
			name = Release;
		};
		E51B942F2410D40700767270 /* Debug */ = {
			isa = XCBuildConfiguration;
			buildSettings = {
				ALWAYS_EMBED_SWIFT_STANDARD_LIBRARIES = YES;
				BUNDLE_LOADER = "$(TEST_HOST)";
				CODE_SIGN_STYLE = Automatic;
				INFOPLIST_FILE = zhihuTests/Info.plist;
				LD_RUNPATH_SEARCH_PATHS = (
					"$(inherited)",
					"@executable_path/Frameworks",
					"@loader_path/Frameworks",
				);
				PRODUCT_BUNDLE_IDENTIFIER = Elab.zhihuTests;
				PRODUCT_NAME = "$(TARGET_NAME)";
				SWIFT_VERSION = 5.0;
				TARGETED_DEVICE_FAMILY = "1,2";
				TEST_HOST = "$(BUILT_PRODUCTS_DIR)/zhihu.app/zhihu";
			};
			name = Debug;
		};
		E51B94302410D40700767270 /* Release */ = {
			isa = XCBuildConfiguration;
			buildSettings = {
				ALWAYS_EMBED_SWIFT_STANDARD_LIBRARIES = YES;
				BUNDLE_LOADER = "$(TEST_HOST)";
				CODE_SIGN_STYLE = Automatic;
				INFOPLIST_FILE = zhihuTests/Info.plist;
				LD_RUNPATH_SEARCH_PATHS = (
					"$(inherited)",
					"@executable_path/Frameworks",
					"@loader_path/Frameworks",
				);
				PRODUCT_BUNDLE_IDENTIFIER = Elab.zhihuTests;
				PRODUCT_NAME = "$(TARGET_NAME)";
				SWIFT_VERSION = 5.0;
				TARGETED_DEVICE_FAMILY = "1,2";
				TEST_HOST = "$(BUILT_PRODUCTS_DIR)/zhihu.app/zhihu";
			};
			name = Release;
		};
		E51B94322410D40700767270 /* Debug */ = {
			isa = XCBuildConfiguration;
			buildSettings = {
				ALWAYS_EMBED_SWIFT_STANDARD_LIBRARIES = YES;
				CODE_SIGN_STYLE = Automatic;
				INFOPLIST_FILE = zhihuUITests/Info.plist;
				LD_RUNPATH_SEARCH_PATHS = (
					"$(inherited)",
					"@executable_path/Frameworks",
					"@loader_path/Frameworks",
				);
				PRODUCT_BUNDLE_IDENTIFIER = Elab.zhihuUITests;
				PRODUCT_NAME = "$(TARGET_NAME)";
				SWIFT_VERSION = 5.0;
				TARGETED_DEVICE_FAMILY = "1,2";
				TEST_TARGET_NAME = zhihu;
			};
			name = Debug;
		};
		E51B94332410D40700767270 /* Release */ = {
			isa = XCBuildConfiguration;
			buildSettings = {
				ALWAYS_EMBED_SWIFT_STANDARD_LIBRARIES = YES;
				CODE_SIGN_STYLE = Automatic;
				INFOPLIST_FILE = zhihuUITests/Info.plist;
				LD_RUNPATH_SEARCH_PATHS = (
					"$(inherited)",
					"@executable_path/Frameworks",
					"@loader_path/Frameworks",
				);
				PRODUCT_BUNDLE_IDENTIFIER = Elab.zhihuUITests;
				PRODUCT_NAME = "$(TARGET_NAME)";
				SWIFT_VERSION = 5.0;
				TARGETED_DEVICE_FAMILY = "1,2";
				TEST_TARGET_NAME = zhihu;
			};
			name = Release;
		};
/* End XCBuildConfiguration section */

/* Begin XCConfigurationList section */
		E51B93FE2410D40400767270 /* Build configuration list for PBXProject "zhihu" */ = {
			isa = XCConfigurationList;
			buildConfigurations = (
				E51B94292410D40700767270 /* Debug */,
				E51B942A2410D40700767270 /* Release */,
			);
			defaultConfigurationIsVisible = 0;
			defaultConfigurationName = Release;
		};
		E51B942B2410D40700767270 /* Build configuration list for PBXNativeTarget "zhihu" */ = {
			isa = XCConfigurationList;
			buildConfigurations = (
				E51B942C2410D40700767270 /* Debug */,
				E51B942D2410D40700767270 /* Release */,
			);
			defaultConfigurationIsVisible = 0;
			defaultConfigurationName = Release;
		};
		E51B942E2410D40700767270 /* Build configuration list for PBXNativeTarget "zhihuTests" */ = {
			isa = XCConfigurationList;
			buildConfigurations = (
				E51B942F2410D40700767270 /* Debug */,
				E51B94302410D40700767270 /* Release */,
			);
			defaultConfigurationIsVisible = 0;
			defaultConfigurationName = Release;
		};
		E51B94312410D40700767270 /* Build configuration list for PBXNativeTarget "zhihuUITests" */ = {
			isa = XCConfigurationList;
			buildConfigurations = (
				E51B94322410D40700767270 /* Debug */,
				E51B94332410D40700767270 /* Release */,
			);
			defaultConfigurationIsVisible = 0;
			defaultConfigurationName = Release;
		};
/* End XCConfigurationList section */
	};
	rootObject = E51B93FB2410D40400767270 /* Project object */;
}
